
Microsoft Visual Studio Solution File, Format Version 12.00
# Visual Studio Version 16
VisualStudioVersion = 16.0.33214.272
MinimumVisualStudioVersion = 10.0.40219.1
Project("{FAE04EC0-301F-11D3-BF4B-00C04F79EFBC}") = "Aula06DS", "Aula06DS\Aula06DS.csproj", "{A991467D-C1DF-4CD8-B892-152CCF7B844B}"
EndProject
Global
	GlobalSection(SolutionConfigurationPlatforms) = preSolution
		Debug|Any CPU = Debug|Any CPU
		Release|Any CPU = Release|Any CPU
	EndGlobalSection
	GlobalSection(ProjectConfigurationPlatforms) = postSolution
		{A991467D-C1DF-4CD8-B892-152CCF7B844B}.Debug|Any CPU.ActiveCfg = Debug|Any CPU
		{A991467D-C1DF-4CD8-B892-152CCF7B844B}.Debug|Any CPU.Build.0 = Debug|Any CPU
		{A991467D-C1DF-4CD8-B892-152CCF7B844B}.Release|Any CPU.ActiveCfg = Release|Any CPU
		{A991467D-C1DF-4CD8-B892-152CCF7B844B}.Release|Any CPU.Build.0 = Release|Any CPU
	EndGlobalSection
	GlobalSection(SolutionProperties) = preSolution
		HideSolutionNode = FALSE
	EndGlobalSection
	GlobalSection(ExtensibilityGlobals) = postSolution
		SolutionGuid = {06039369-28DC-4827-9886-CEAA55EE63A6}
	EndGlobalSection
EndGlobal
